PODS:
  - CocoaPodsTestLibrary/ModuleA (1.0.0-alpha.4)
  - CocoaPodsTestLibrary/ModuleCore (1.0.0-alpha.4)

DEPENDENCIES:
  - CocoaPodsTestLibrary/ModuleA (from `../`)
  - CocoaPodsTestLibrary/ModuleCore (from `../`)

EXTERNAL SOURCES:
  CocoaPodsTestLibrary:
    :path: "../"

SPEC CHECKSUMS:
  CocoaPodsTestLibrary: 4a191cd453498fe1f194e20bb8a5dd324e5bc5ee

PODFILE CHECKSUM: 83180484b1ca6e1bb6104c307012e896fbf859c5

COCOAPODS: 1.14.2
