PODS:
  - AppLovinSDK (11.11.4)
  - CocoaPodsTestLibrary/ModuleA (1.0.0-alpha.4):
    - AppLovinSDK (= 11.11.4)
    - CocoaPodsTestLibrary/ModuleCore
  - CocoaPodsTestLibrary/ModuleB (1.0.0-alpha.4):
    - CocoaPodsTestLibrary/ModuleCore
  - CocoaPodsTestLibrary/ModuleCore (1.0.0-alpha.4)

DEPENDENCIES:
  - CocoaPodsTestLibrary/ModuleA (from `../`)
  - CocoaPodsTestLibrary/ModuleB (from `../`)
  - CocoaPodsTestLibrary/ModuleCore (from `../`)

SPEC REPOS:
  trunk:
    - AppLovinSDK

EXTERNAL SOURCES:
  CocoaPodsTestLibrary:
    :path: "../"

SPEC CHECKSUMS:
  AppLovinSDK: 5c667a790725d9529c01c3f3acf12ab195865fbb
  CocoaPodsTestLibrary: 9a0c262f8e85571115a30ca0c9e9bca95a5bf421

PODFILE CHECKSUM: 4d04285fa336ca0c1321d9e3594418d0b7ad2621

COCOAPODS: 1.14.2
